
Microsoft Visual Studio Solution File, Format Version 12.00
# Visual Studio Version 17
VisualStudioVersion = 17.13.36105.23 d17.13
MinimumVisualStudioVersion = 10.0.40219.1
Project("{FAE04EC0-301F-11D3-BF4B-00C04F79EFBC}") = "fukuv0516", "fukuv0516\fukuv0516.csproj", "{D5450F05-DE79-466A-92B6-47A698AEB40A}"
EndProject
Global
	GlobalSection(SolutionConfigurationPlatforms) = preSolution
		Debug|Any CPU = Debug|Any CPU
		Release|Any CPU = Release|Any CPU
	EndGlobalSection
	GlobalSection(ProjectConfigurationPlatforms) = postSolution
		{D5450F05-DE79-466A-92B6-47A698AEB40A}.Debug|Any CPU.ActiveCfg = Debug|Any CPU
		{D5450F05-DE79-466A-92B6-47A698AEB40A}.Debug|Any CPU.Build.0 = Debug|Any CPU
		{D5450F05-DE79-466A-92B6-47A698AEB40A}.Release|Any CPU.ActiveCfg = Release|Any CPU
		{D5450F05-DE79-466A-92B6-47A698AEB40A}.Release|Any CPU.Build.0 = Release|Any CPU
	EndGlobalSection
	GlobalSection(SolutionProperties) = preSolution
		HideSolutionNode = FALSE
	EndGlobalSection
	GlobalSection(ExtensibilityGlobals) = postSolution
		SolutionGuid = {5A878059-A3F6-4AA2-8CBF-C9E108FD9AF2}
	EndGlobalSection
EndGlobal
